
Microsoft Visual Studio Solution File, Format Version 12.00
# Visual Studio 15
VisualStudioVersion = 15.0.27703.2000
MinimumVisualStudioVersion = 10.0.40219.1
Project("{FAE04EC0-301F-11D3-BF4B-00C04F79EFBC}") = "MyLibrary", "MyLibrary\MyLibrary.csproj", "{BB1C850A-D12F-4F9B-B644-5073D2F820D7}"
EndProject
Global
	GlobalSection(SolutionConfigurationPlatforms) = preSolution
		Debug|Any CPU = Debug|Any CPU
		Release|Any CPU = Release|Any CPU
	EndGlobalSection
	GlobalSection(ProjectConfigurationPlatforms) = postSolution
		{BB1C850A-D12F-4F9B-B644-5073D2F820D7}.Debug|Any CPU.ActiveCfg = Debug|Any CPU
		{BB1C850A-D12F-4F9B-B644-5073D2F820D7}.Debug|Any CPU.Build.0 = Debug|Any CPU
		{BB1C850A-D12F-4F9B-B644-5073D2F820D7}.Release|Any CPU.ActiveCfg = Release|Any CPU
		{BB1C850A-D12F-4F9B-B644-5073D2F820D7}.Release|Any CPU.Build.0 = Release|Any CPU
	EndGlobalSection
	GlobalSection(SolutionProperties) = preSolution
		HideSolutionNode = FALSE
	EndGlobalSection
	GlobalSection(ExtensibilityGlobals) = postSolution
		SolutionGuid = {7C70CEEC-1BDE-4FD1-A12C-E5AD935CF0D6}
	EndGlobalSection
EndGlobal
